
Microsoft Visual Studio Solution File, Format Version 12.00
# Visual Studio Version 17
VisualStudioVersion = 17.4.33205.214
MinimumVisualStudioVersion = 10.0.40219.1
Project("{9A19103F-16F7-4668-BE54-9A1E7A4F7556}") = "1Middleware", "1Middleware\1Middleware.csproj", "{E7727CBA-67C4-49EB-8B81-BE2239F1BD8D}"
EndProject
Project("{9A19103F-16F7-4668-BE54-9A1E7A4F7556}") = "2DependencyInjection_DI", "2DependencyInjection_DI\2DependencyInjection_DI.csproj", "{F8F2BE38-9F30-4A6A-BC1A-7E7AE596C27A}"
EndProject
Project("{9A19103F-16F7-4668-BE54-9A1E7A4F7556}") = "3Configuration", "3Configuration\3Configuration.csproj", "{3A8E1C4F-4CB1-4CAF-BCA1-63102126F9F5}"
EndProject
Project("{9A19103F-16F7-4668-BE54-9A1E7A4F7556}") = "4Logging", "4Logging\4Logging.csproj", "{633779EF-0A65-4D9B-B005-8846A11DFAA5}"
EndProject
Project("{9A19103F-16F7-4668-BE54-9A1E7A4F7556}") = "5Routing", "5Routing\5Routing.csproj", "{8DFE199D-E4C3-43E8-854C-9F3E93E1D60C}"
EndProject
Project("{9A19103F-16F7-4668-BE54-9A1E7A4F7556}") = "6ModelBinding", "6ModelBinding\6ModelBinding.csproj", "{906E0A79-2D79-4755-98BB-314612703882}"
EndProject
Project("{9A19103F-16F7-4668-BE54-9A1E7A4F7556}") = "7Validationz", "7Validationz\7Validationz.csproj", "{AF2B2316-BF28-497A-8A6A-796DC6137FDD}"
EndProject
Project("{9A19103F-16F7-4668-BE54-9A1E7A4F7556}") = "8ReactProject", "8ReactProject\8ReactProject.csproj", "{030EC873-1268-4A45-AA5F-9F2C63685017}"
EndProject
Project("{9A19103F-16F7-4668-BE54-9A1E7A4F7556}") = "9HttpClient", "9HttpClient\9HttpClient.csproj", "{48CC9C03-F865-4799-BB1A-F841CB71FC7B}"
EndProject
Project("{9A19103F-16F7-4668-BE54-9A1E7A4F7556}") = "A1PollyResiliency", "A1PollyResiliency\A1PollyResiliency.csproj", "{BF5849E6-A7BB-4786-956F-57B79AD4D591}"
EndProject
Project("{9A19103F-16F7-4668-BE54-9A1E7A4F7556}") = "A2Cors", "A2Cors\A2Cors.csproj", "{8F7A5840-5BF8-460C-B277-7C2DC9BA504A}"
EndProject
Project("{9A19103F-16F7-4668-BE54-9A1E7A4F7556}") = "A3NSwag", "A3NSwag\A3NSwag.csproj", "{7FEDBD80-9EFE-428D-9C8C-DDB185FF85E1}"
EndProject
Project("{9A19103F-16F7-4668-BE54-9A1E7A4F7556}") = "A4AzureKeyVault", "A4AzureKeyVault\A4AzureKeyVault.csproj", "{8F84D94F-D46F-4132-9034-9869D381647D}"
EndProject
Project("{9A19103F-16F7-4668-BE54-9A1E7A4F7556}") = "A5OptionsPattern", "A5OptionsPattern\A5OptionsPattern.csproj", "{F95E1241-2B83-4FAB-B816-CF881757F33D}"
EndProject
Project("{2150E333-8FDC-42A3-9474-1A3956D46DE8}") = "A6Layering", "A6Layering", "{52901D4B-2402-496B-ADC2-4CC77BDEBCBA}"
EndProject
Project("{9A19103F-16F7-4668-BE54-9A1E7A4F7556}") = "Layering.PL", "Layering.PL\Layering.PL.csproj", "{E310365A-C16E-4D0F-9418-3FF0D8CD7ACB}"
EndProject
Project("{9A19103F-16F7-4668-BE54-9A1E7A4F7556}") = "Layering.BLL", "Layering.BLL\Layering.BLL.csproj", "{43DC44F5-F24A-4BA1-9B57-A99E9954DA57}"
EndProject
Project("{9A19103F-16F7-4668-BE54-9A1E7A4F7556}") = "Layering.DAL", "Layering.DAL\Layering.DAL.csproj", "{BAEAFE7A-E701-48E2-948F-E99546116FEA}"
EndProject
Project("{9A19103F-16F7-4668-BE54-9A1E7A4F7556}") = "A7ControllerReturnType", "A7ControllerReturnType\A7ControllerReturnType.csproj", "{DA878D74-2BAA-444D-8BF3-740EE516423F}"
EndProject
Project("{9A19103F-16F7-4668-BE54-9A1E7A4F7556}") = "A8StartupClass", "A8StartupClass\A8StartupClass.csproj", "{F4C8F56B-0E4C-405B-9CE1-E6DBF9299850}"
EndProject
Project("{9A19103F-16F7-4668-BE54-9A1E7A4F7556}") = "A9FormatResponse", "A9FormatResponse\A9FormatResponse.csproj", "{00FC0B38-BEFD-4F38-92FB-F95C75C3108E}"
EndProject
Project("{9A19103F-16F7-4668-BE54-9A1E7A4F7556}") = "B1SecretManager", "B1SecretManager\B1SecretManager.csproj", "{491E61A1-6664-400C-8ED2-5FB1DAFC4DF2}"
EndProject
Project("{9A19103F-16F7-4668-BE54-9A1E7A4F7556}") = "B2AuthJWT", "B2AuthJWT\B2AuthJWT.csproj", "{7FE6E7A1-03F6-4694-91E0-7B8907433317}"
EndProject
Project("{2150E333-8FDC-42A3-9474-1A3956D46DE8}") = "B3RefactoringPatterns", "B3RefactoringPatterns", "{ABAA5C17-3E6E-4080-B87C-E4D8935001DD}"
EndProject
Project("{9A19103F-16F7-4668-BE54-9A1E7A4F7556}") = "Refactoring.Infrastructure", "Refactoring.Infrastructure\Refactoring.Infrastructure.csproj", "{052B9559-96A5-47C4-89C0-EF36AE97379E}"
EndProject
Project("{9A19103F-16F7-4668-BE54-9A1E7A4F7556}") = "DynamoDB", "DynamoDB\DynamoDB.csproj", "{FA11806E-8413-4A86-A315-3CCA9C08AD33}"
EndProject
Project("{9A19103F-16F7-4668-BE54-9A1E7A4F7556}") = "B4Filters", "B4Filters\B4Filters.csproj", "{216BCCB1-9CD1-48AC-B924-C9C026A756F0}"
EndProject
Project("{9A19103F-16F7-4668-BE54-9A1E7A4F7556}") = "B5Exception", "B5Exception\B5Exception.csproj", "{4545A66E-57E9-44EA-9491-B788BE943390}"
EndProject
Project("{9A19103F-16F7-4668-BE54-9A1E7A4F7556}") = "B5Exception.Domain", "B5Exception.Domain\B5Exception.Domain.csproj", "{080BDC11-487D-4D75-8930-48B72624302C}"
EndProject
Project("{9A19103F-16F7-4668-BE54-9A1E7A4F7556}") = "B6BackgroundService", "B6BackgroundService\B6BackgroundService.csproj", "{3D431057-F3FA-472F-B81B-5DEE063552E8}"
EndProject
Project("{9A19103F-16F7-4668-BE54-9A1E7A4F7556}") = "5AttributeRouting", "5AttributeRouting\5AttributeRouting.csproj", "{FD2037EC-528C-4B3D-AE65-937510FD36DA}"
EndProject
Project("{9A19103F-16F7-4668-BE54-9A1E7A4F7556}") = "A4AzureAppConfiguration", "A4AzureAppConfiguration\A4AzureAppConfiguration.csproj", "{4F8B8B93-DC20-4A99-8D99-881FCC2DB9C0}"
EndProject
Project("{9A19103F-16F7-4668-BE54-9A1E7A4F7556}") = "B7FeatureFlag", "B7FeatureFlag\B7FeatureFlag.csproj", "{8092FDC6-758F-4F36-BF84-1C6CF5150F83}"
EndProject
Project("{9A19103F-16F7-4668-BE54-9A1E7A4F7556}") = "B8UnitTest", "B8UnitTest\B8UnitTest.csproj", "{B59736A8-6D9C-4DD9-8E4D-D2E3C464C8B0}"
EndProject
Project("{2150E333-8FDC-42A3-9474-1A3956D46DE8}") = "3Configurationz", "3Configurationz", "{BBBEF693-1D45-4E55-93CB-AA71097B7361}"
EndProject
Project("{9A19103F-16F7-4668-BE54-9A1E7A4F7556}") = "B9Environment", "B9Environment\B9Environment.csproj", "{A879C4D3-3FFF-48CE-B35C-A7C1075F674B}"
EndProject
Project("{9A19103F-16F7-4668-BE54-9A1E7A4F7556}") = "C1Env5Ways", "C1Env5Ways\C1Env5Ways.csproj", "{4DFBFFDE-A447-441D-B40C-9B15E269A885}"
EndProject
Project("{2150E333-8FDC-42A3-9474-1A3956D46DE8}") = "Notez", "Notez", "{157F1E9B-BD6A-4E30-840F-D9C0169E4B01}"
	ProjectSection(SolutionItems) = preProject
		Notez\1. Twelve Factor App.txt = Notez\1. Twelve Factor App.txt
		Notez\2. Azure AZ- Series of Certification.txt = Notez\2. Azure AZ- Series of Certification.txt
		Notez\3. Services.txt = Notez\3. Services.txt
		Notez\4. IHostBuilder.txt = Notez\4. IHostBuilder.txt
		Notez\5. n-tier.txt = Notez\5. n-tier.txt
		Notez\6. cli.txt = Notez\6. cli.txt
		Notez\New Text Document.txt = Notez\New Text Document.txt
		Notez\zz ASP .NET CORE Notes.txt = Notez\zz ASP .NET CORE Notes.txt
		Notez\zzz Extra Notes.txt = Notez\zzz Extra Notes.txt
	EndProjectSection
EndProject
Global
	GlobalSection(SolutionConfigurationPlatforms) = preSolution
		Debug|Any CPU = Debug|Any CPU
		Release|Any CPU = Release|Any CPU
	EndGlobalSection
	GlobalSection(ProjectConfigurationPlatforms) = postSolution
		{E7727CBA-67C4-49EB-8B81-BE2239F1BD8D}.Debug|Any CPU.ActiveCfg = Debug|Any CPU
		{E7727CBA-67C4-49EB-8B81-BE2239F1BD8D}.Debug|Any CPU.Build.0 = Debug|Any CPU
		{E7727CBA-67C4-49EB-8B81-BE2239F1BD8D}.Release|Any CPU.ActiveCfg = Release|Any CPU
		{E7727CBA-67C4-49EB-8B81-BE2239F1BD8D}.Release|Any CPU.Build.0 = Release|Any CPU
		{F8F2BE38-9F30-4A6A-BC1A-7E7AE596C27A}.Debug|Any CPU.ActiveCfg = Debug|Any CPU
		{F8F2BE38-9F30-4A6A-BC1A-7E7AE596C27A}.Debug|Any CPU.Build.0 = Debug|Any CPU
		{F8F2BE38-9F30-4A6A-BC1A-7E7AE596C27A}.Release|Any CPU.ActiveCfg = Release|Any CPU
		{F8F2BE38-9F30-4A6A-BC1A-7E7AE596C27A}.Release|Any CPU.Build.0 = Release|Any CPU
		{3A8E1C4F-4CB1-4CAF-BCA1-63102126F9F5}.Debug|Any CPU.ActiveCfg = Debug|Any CPU
		{3A8E1C4F-4CB1-4CAF-BCA1-63102126F9F5}.Debug|Any CPU.Build.0 = Debug|Any CPU
		{3A8E1C4F-4CB1-4CAF-BCA1-63102126F9F5}.Release|Any CPU.ActiveCfg = Release|Any CPU
		{3A8E1C4F-4CB1-4CAF-BCA1-63102126F9F5}.Release|Any CPU.Build.0 = Release|Any CPU
		{633779EF-0A65-4D9B-B005-8846A11DFAA5}.Debug|Any CPU.ActiveCfg = Debug|Any CPU
		{633779EF-0A65-4D9B-B005-8846A11DFAA5}.Debug|Any CPU.Build.0 = Debug|Any CPU
		{633779EF-0A65-4D9B-B005-8846A11DFAA5}.Release|Any CPU.ActiveCfg = Release|Any CPU
		{633779EF-0A65-4D9B-B005-8846A11DFAA5}.Release|Any CPU.Build.0 = Release|Any CPU
		{8DFE199D-E4C3-43E8-854C-9F3E93E1D60C}.Debug|Any CPU.ActiveCfg = Debug|Any CPU
		{8DFE199D-E4C3-43E8-854C-9F3E93E1D60C}.Debug|Any CPU.Build.0 = Debug|Any CPU
		{8DFE199D-E4C3-43E8-854C-9F3E93E1D60C}.Release|Any CPU.ActiveCfg = Release|Any CPU
		{8DFE199D-E4C3-43E8-854C-9F3E93E1D60C}.Release|Any CPU.Build.0 = Release|Any CPU
		{906E0A79-2D79-4755-98BB-314612703882}.Debug|Any CPU.ActiveCfg = Debug|Any CPU
		{906E0A79-2D79-4755-98BB-314612703882}.Debug|Any CPU.Build.0 = Debug|Any CPU
		{906E0A79-2D79-4755-98BB-314612703882}.Release|Any CPU.ActiveCfg = Release|Any CPU
		{906E0A79-2D79-4755-98BB-314612703882}.Release|Any CPU.Build.0 = Release|Any CPU
		{AF2B2316-BF28-497A-8A6A-796DC6137FDD}.Debug|Any CPU.ActiveCfg = Debug|Any CPU
		{AF2B2316-BF28-497A-8A6A-796DC6137FDD}.Debug|Any CPU.Build.0 = Debug|Any CPU
		{AF2B2316-BF28-497A-8A6A-796DC6137FDD}.Release|Any CPU.ActiveCfg = Release|Any CPU
		{AF2B2316-BF28-497A-8A6A-796DC6137FDD}.Release|Any CPU.Build.0 = Release|Any CPU
		{030EC873-1268-4A45-AA5F-9F2C63685017}.Debug|Any CPU.ActiveCfg = Debug|Any CPU
		{030EC873-1268-4A45-AA5F-9F2C63685017}.Debug|Any CPU.Build.0 = Debug|Any CPU
		{030EC873-1268-4A45-AA5F-9F2C63685017}.Release|Any CPU.ActiveCfg = Release|Any CPU
		{030EC873-1268-4A45-AA5F-9F2C63685017}.Release|Any CPU.Build.0 = Release|Any CPU
		{48CC9C03-F865-4799-BB1A-F841CB71FC7B}.Debug|Any CPU.ActiveCfg = Debug|Any CPU
		{48CC9C03-F865-4799-BB1A-F841CB71FC7B}.Debug|Any CPU.Build.0 = Debug|Any CPU
		{48CC9C03-F865-4799-BB1A-F841CB71FC7B}.Release|Any CPU.ActiveCfg = Release|Any CPU
		{48CC9C03-F865-4799-BB1A-F841CB71FC7B}.Release|Any CPU.Build.0 = Release|Any CPU
		{BF5849E6-A7BB-4786-956F-57B79AD4D591}.Debug|Any CPU.ActiveCfg = Debug|Any CPU
		{BF5849E6-A7BB-4786-956F-57B79AD4D591}.Debug|Any CPU.Build.0 = Debug|Any CPU
		{BF5849E6-A7BB-4786-956F-57B79AD4D591}.Release|Any CPU.ActiveCfg = Release|Any CPU
		{BF5849E6-A7BB-4786-956F-57B79AD4D591}.Release|Any CPU.Build.0 = Release|Any CPU
		{8F7A5840-5BF8-460C-B277-7C2DC9BA504A}.Debug|Any CPU.ActiveCfg = Debug|Any CPU
		{8F7A5840-5BF8-460C-B277-7C2DC9BA504A}.Debug|Any CPU.Build.0 = Debug|Any CPU
		{8F7A5840-5BF8-460C-B277-7C2DC9BA504A}.Release|Any CPU.ActiveCfg = Release|Any CPU
		{8F7A5840-5BF8-460C-B277-7C2DC9BA504A}.Release|Any CPU.Build.0 = Release|Any CPU
		{7FEDBD80-9EFE-428D-9C8C-DDB185FF85E1}.Debug|Any CPU.ActiveCfg = Debug|Any CPU
		{7FEDBD80-9EFE-428D-9C8C-DDB185FF85E1}.Debug|Any CPU.Build.0 = Debug|Any CPU
		{7FEDBD80-9EFE-428D-9C8C-DDB185FF85E1}.Release|Any CPU.ActiveCfg = Release|Any CPU
		{7FEDBD80-9EFE-428D-9C8C-DDB185FF85E1}.Release|Any CPU.Build.0 = Release|Any CPU
		{8F84D94F-D46F-4132-9034-9869D381647D}.Debug|Any CPU.ActiveCfg = Debug|Any CPU
		{8F84D94F-D46F-4132-9034-9869D381647D}.Debug|Any CPU.Build.0 = Debug|Any CPU
		{8F84D94F-D46F-4132-9034-9869D381647D}.Release|Any CPU.ActiveCfg = Release|Any CPU
		{8F84D94F-D46F-4132-9034-9869D381647D}.Release|Any CPU.Build.0 = Release|Any CPU
		{F95E1241-2B83-4FAB-B816-CF881757F33D}.Debug|Any CPU.ActiveCfg = Debug|Any CPU
		{F95E1241-2B83-4FAB-B816-CF881757F33D}.Debug|Any CPU.Build.0 = Debug|Any CPU
		{F95E1241-2B83-4FAB-B816-CF881757F33D}.Release|Any CPU.ActiveCfg = Release|Any CPU
		{F95E1241-2B83-4FAB-B816-CF881757F33D}.Release|Any CPU.Build.0 = Release|Any CPU
		{E310365A-C16E-4D0F-9418-3FF0D8CD7ACB}.Debug|Any CPU.ActiveCfg = Debug|Any CPU
		{E310365A-C16E-4D0F-9418-3FF0D8CD7ACB}.Debug|Any CPU.Build.0 = Debug|Any CPU
		{E310365A-C16E-4D0F-9418-3FF0D8CD7ACB}.Release|Any CPU.ActiveCfg = Release|Any CPU
		{E310365A-C16E-4D0F-9418-3FF0D8CD7ACB}.Release|Any CPU.Build.0 = Release|Any CPU
		{43DC44F5-F24A-4BA1-9B57-A99E9954DA57}.Debug|Any CPU.ActiveCfg = Debug|Any CPU
		{43DC44F5-F24A-4BA1-9B57-A99E9954DA57}.Debug|Any CPU.Build.0 = Debug|Any CPU
		{43DC44F5-F24A-4BA1-9B57-A99E9954DA57}.Release|Any CPU.ActiveCfg = Release|Any CPU
		{43DC44F5-F24A-4BA1-9B57-A99E9954DA57}.Release|Any CPU.Build.0 = Release|Any CPU
		{BAEAFE7A-E701-48E2-948F-E99546116FEA}.Debug|Any CPU.ActiveCfg = Debug|Any CPU
		{BAEAFE7A-E701-48E2-948F-E99546116FEA}.Debug|Any CPU.Build.0 = Debug|Any CPU
		{BAEAFE7A-E701-48E2-948F-E99546116FEA}.Release|Any CPU.ActiveCfg = Release|Any CPU
		{BAEAFE7A-E701-48E2-948F-E99546116FEA}.Release|Any CPU.Build.0 = Release|Any CPU
		{DA878D74-2BAA-444D-8BF3-740EE516423F}.Debug|Any CPU.ActiveCfg = Debug|Any CPU
		{DA878D74-2BAA-444D-8BF3-740EE516423F}.Debug|Any CPU.Build.0 = Debug|Any CPU
		{DA878D74-2BAA-444D-8BF3-740EE516423F}.Release|Any CPU.ActiveCfg = Release|Any CPU
		{DA878D74-2BAA-444D-8BF3-740EE516423F}.Release|Any CPU.Build.0 = Release|Any CPU
		{F4C8F56B-0E4C-405B-9CE1-E6DBF9299850}.Debug|Any CPU.ActiveCfg = Debug|Any CPU
		{F4C8F56B-0E4C-405B-9CE1-E6DBF9299850}.Debug|Any CPU.Build.0 = Debug|Any CPU
		{F4C8F56B-0E4C-405B-9CE1-E6DBF9299850}.Release|Any CPU.ActiveCfg = Release|Any CPU
		{F4C8F56B-0E4C-405B-9CE1-E6DBF9299850}.Release|Any CPU.Build.0 = Release|Any CPU
		{00FC0B38-BEFD-4F38-92FB-F95C75C3108E}.Debug|Any CPU.ActiveCfg = Debug|Any CPU
		{00FC0B38-BEFD-4F38-92FB-F95C75C3108E}.Debug|Any CPU.Build.0 = Debug|Any CPU
		{00FC0B38-BEFD-4F38-92FB-F95C75C3108E}.Release|Any CPU.ActiveCfg = Release|Any CPU
		{00FC0B38-BEFD-4F38-92FB-F95C75C3108E}.Release|Any CPU.Build.0 = Release|Any CPU
		{491E61A1-6664-400C-8ED2-5FB1DAFC4DF2}.Debug|Any CPU.ActiveCfg = Debug|Any CPU
		{491E61A1-6664-400C-8ED2-5FB1DAFC4DF2}.Debug|Any CPU.Build.0 = Debug|Any CPU
		{491E61A1-6664-400C-8ED2-5FB1DAFC4DF2}.Release|Any CPU.ActiveCfg = Release|Any CPU
		{491E61A1-6664-400C-8ED2-5FB1DAFC4DF2}.Release|Any CPU.Build.0 = Release|Any CPU
		{7FE6E7A1-03F6-4694-91E0-7B8907433317}.Debug|Any CPU.ActiveCfg = Debug|Any CPU
		{7FE6E7A1-03F6-4694-91E0-7B8907433317}.Debug|Any CPU.Build.0 = Debug|Any CPU
		{7FE6E7A1-03F6-4694-91E0-7B8907433317}.Release|Any CPU.ActiveCfg = Release|Any CPU
		{7FE6E7A1-03F6-4694-91E0-7B8907433317}.Release|Any CPU.Build.0 = Release|Any CPU
		{052B9559-96A5-47C4-89C0-EF36AE97379E}.Debug|Any CPU.ActiveCfg = Debug|Any CPU
		{052B9559-96A5-47C4-89C0-EF36AE97379E}.Debug|Any CPU.Build.0 = Debug|Any CPU
		{052B9559-96A5-47C4-89C0-EF36AE97379E}.Release|Any CPU.ActiveCfg = Release|Any CPU
		{052B9559-96A5-47C4-89C0-EF36AE97379E}.Release|Any CPU.Build.0 = Release|Any CPU
		{FA11806E-8413-4A86-A315-3CCA9C08AD33}.Debug|Any CPU.ActiveCfg = Debug|Any CPU
		{FA11806E-8413-4A86-A315-3CCA9C08AD33}.Debug|Any CPU.Build.0 = Debug|Any CPU
		{FA11806E-8413-4A86-A315-3CCA9C08AD33}.Release|Any CPU.ActiveCfg = Release|Any CPU
		{FA11806E-8413-4A86-A315-3CCA9C08AD33}.Release|Any CPU.Build.0 = Release|Any CPU
		{216BCCB1-9CD1-48AC-B924-C9C026A756F0}.Debug|Any CPU.ActiveCfg = Debug|Any CPU
		{216BCCB1-9CD1-48AC-B924-C9C026A756F0}.Debug|Any CPU.Build.0 = Debug|Any CPU
		{216BCCB1-9CD1-48AC-B924-C9C026A756F0}.Release|Any CPU.ActiveCfg = Release|Any CPU
		{216BCCB1-9CD1-48AC-B924-C9C026A756F0}.Release|Any CPU.Build.0 = Release|Any CPU
		{4545A66E-57E9-44EA-9491-B788BE943390}.Debug|Any CPU.ActiveCfg = Debug|Any CPU
		{4545A66E-57E9-44EA-9491-B788BE943390}.Debug|Any CPU.Build.0 = Debug|Any CPU
		{4545A66E-57E9-44EA-9491-B788BE943390}.Release|Any CPU.ActiveCfg = Release|Any CPU
		{4545A66E-57E9-44EA-9491-B788BE943390}.Release|Any CPU.Build.0 = Release|Any CPU
		{080BDC11-487D-4D75-8930-48B72624302C}.Debug|Any CPU.ActiveCfg = Debug|Any CPU
		{080BDC11-487D-4D75-8930-48B72624302C}.Debug|Any CPU.Build.0 = Debug|Any CPU
		{080BDC11-487D-4D75-8930-48B72624302C}.Release|Any CPU.ActiveCfg = Release|Any CPU
		{080BDC11-487D-4D75-8930-48B72624302C}.Release|Any CPU.Build.0 = Release|Any CPU
		{3D431057-F3FA-472F-B81B-5DEE063552E8}.Debug|Any CPU.ActiveCfg = Debug|Any CPU
		{3D431057-F3FA-472F-B81B-5DEE063552E8}.Debug|Any CPU.Build.0 = Debug|Any CPU
		{3D431057-F3FA-472F-B81B-5DEE063552E8}.Release|Any CPU.ActiveCfg = Release|Any CPU
		{3D431057-F3FA-472F-B81B-5DEE063552E8}.Release|Any CPU.Build.0 = Release|Any CPU
		{FD2037EC-528C-4B3D-AE65-937510FD36DA}.Debug|Any CPU.ActiveCfg = Debug|Any CPU
		{FD2037EC-528C-4B3D-AE65-937510FD36DA}.Debug|Any CPU.Build.0 = Debug|Any CPU
		{FD2037EC-528C-4B3D-AE65-937510FD36DA}.Release|Any CPU.ActiveCfg = Release|Any CPU
		{FD2037EC-528C-4B3D-AE65-937510FD36DA}.Release|Any CPU.Build.0 = Release|Any CPU
		{4F8B8B93-DC20-4A99-8D99-881FCC2DB9C0}.Debug|Any CPU.ActiveCfg = Debug|Any CPU
		{4F8B8B93-DC20-4A99-8D99-881FCC2DB9C0}.Debug|Any CPU.Build.0 = Debug|Any CPU
		{4F8B8B93-DC20-4A99-8D99-881FCC2DB9C0}.Release|Any CPU.ActiveCfg = Release|Any CPU
		{4F8B8B93-DC20-4A99-8D99-881FCC2DB9C0}.Release|Any CPU.Build.0 = Release|Any CPU
		{8092FDC6-758F-4F36-BF84-1C6CF5150F83}.Debug|Any CPU.ActiveCfg = Debug|Any CPU
		{8092FDC6-758F-4F36-BF84-1C6CF5150F83}.Debug|Any CPU.Build.0 = Debug|Any CPU
		{8092FDC6-758F-4F36-BF84-1C6CF5150F83}.Release|Any CPU.ActiveCfg = Release|Any CPU
		{8092FDC6-758F-4F36-BF84-1C6CF5150F83}.Release|Any CPU.Build.0 = Release|Any CPU
		{B59736A8-6D9C-4DD9-8E4D-D2E3C464C8B0}.Debug|Any CPU.ActiveCfg = Debug|Any CPU
		{B59736A8-6D9C-4DD9-8E4D-D2E3C464C8B0}.Debug|Any CPU.Build.0 = Debug|Any CPU
		{B59736A8-6D9C-4DD9-8E4D-D2E3C464C8B0}.Release|Any CPU.ActiveCfg = Release|Any CPU
		{B59736A8-6D9C-4DD9-8E4D-D2E3C464C8B0}.Release|Any CPU.Build.0 = Release|Any CPU
		{A879C4D3-3FFF-48CE-B35C-A7C1075F674B}.Debug|Any CPU.ActiveCfg = Debug|Any CPU
		{A879C4D3-3FFF-48CE-B35C-A7C1075F674B}.Debug|Any CPU.Build.0 = Debug|Any CPU
		{A879C4D3-3FFF-48CE-B35C-A7C1075F674B}.Release|Any CPU.ActiveCfg = Release|Any CPU
		{A879C4D3-3FFF-48CE-B35C-A7C1075F674B}.Release|Any CPU.Build.0 = Release|Any CPU
		{4DFBFFDE-A447-441D-B40C-9B15E269A885}.Debug|Any CPU.ActiveCfg = Debug|Any CPU
		{4DFBFFDE-A447-441D-B40C-9B15E269A885}.Debug|Any CPU.Build.0 = Debug|Any CPU
		{4DFBFFDE-A447-441D-B40C-9B15E269A885}.Release|Any CPU.ActiveCfg = Release|Any CPU
		{4DFBFFDE-A447-441D-B40C-9B15E269A885}.Release|Any CPU.Build.0 = Release|Any CPU
	EndGlobalSection
	GlobalSection(SolutionProperties) = preSolution
		HideSolutionNode = FALSE
	EndGlobalSection
	GlobalSection(NestedProjects) = preSolution
		{3A8E1C4F-4CB1-4CAF-BCA1-63102126F9F5} = {BBBEF693-1D45-4E55-93CB-AA71097B7361}
		{8F84D94F-D46F-4132-9034-9869D381647D} = {BBBEF693-1D45-4E55-93CB-AA71097B7361}
		{E310365A-C16E-4D0F-9418-3FF0D8CD7ACB} = {52901D4B-2402-496B-ADC2-4CC77BDEBCBA}
		{43DC44F5-F24A-4BA1-9B57-A99E9954DA57} = {52901D4B-2402-496B-ADC2-4CC77BDEBCBA}
		{BAEAFE7A-E701-48E2-948F-E99546116FEA} = {52901D4B-2402-496B-ADC2-4CC77BDEBCBA}
		{F4C8F56B-0E4C-405B-9CE1-E6DBF9299850} = {BBBEF693-1D45-4E55-93CB-AA71097B7361}
		{491E61A1-6664-400C-8ED2-5FB1DAFC4DF2} = {BBBEF693-1D45-4E55-93CB-AA71097B7361}
		{052B9559-96A5-47C4-89C0-EF36AE97379E} = {ABAA5C17-3E6E-4080-B87C-E4D8935001DD}
		{FA11806E-8413-4A86-A315-3CCA9C08AD33} = {ABAA5C17-3E6E-4080-B87C-E4D8935001DD}
		{4F8B8B93-DC20-4A99-8D99-881FCC2DB9C0} = {BBBEF693-1D45-4E55-93CB-AA71097B7361}
		{8092FDC6-758F-4F36-BF84-1C6CF5150F83} = {BBBEF693-1D45-4E55-93CB-AA71097B7361}
		{A879C4D3-3FFF-48CE-B35C-A7C1075F674B} = {BBBEF693-1D45-4E55-93CB-AA71097B7361}
		{4DFBFFDE-A447-441D-B40C-9B15E269A885} = {BBBEF693-1D45-4E55-93CB-AA71097B7361}
	EndGlobalSection
	GlobalSection(ExtensibilityGlobals) = postSolution
		SolutionGuid = {0D1BBF11-6BB0-4862-88FB-9851B120673B}
	EndGlobalSection
EndGlobal
